<?xml version="1.0" encoding="UTF-8" standalone="yes" ?>
<CodeBlocks_project_file>
	<FileVersion major="1" minor="6" />
	<Project>
		<Option title="snowCrash" />
		<Option pch_mode="2" />
		<Option compiler="gcc" />
		<Build>
			<Target title="Debug">
				<Option output="bin/Debug/snowCrash" prefix_auto="1" extension_auto="1" />
				<Option object_output="obj/Debug/" />
				<Option type="1" />
				<Option compiler="gcc" />
				<Option parameters="-i Rame.JPG -o snowCrash.png" />
				<Compiler>
					<Add option="-std=c++11" />
					<Add option="-Wall" />
					<Add option="-g" />
					<Add option="-lX11" />
					<Add directory="include" />
				</Compiler>
			</Target>
			<Target title="Release">
				<Option output="bin/Release/snowCrash" prefix_auto="1" extension_auto="1" />
				<Option object_output="obj/Release/" />
				<Option type="1" />
				<Option compiler="gcc" />
				<Compiler>
					<Add option="-O2" />
					<Add option="-lX11" />
					<Add directory="include" />
				</Compiler>
				<Linker>
					<Add option="-s" />
				</Linker>
			</Target>
		</Build>
		<Compiler>
			<Add option="-std=c++11" />
			<Add option="-Wall" />
			<Add option="-lX11" />
			<Add option="-fexceptions" />
			<Add option="-lpthread" />
			<Add option="-Dcimg_use_png" />
			<Add option="-lpng" />
		</Compiler>
		<Linker>
			<Add option="-lX11" />
			<Add option="-lpthread" />
			<Add option="-Dcimg_use_png" />
			<Add option="-lpng" />
		</Linker>
		<Unit filename="include/CImg.h" />
		<Unit filename="include/FileParser.h" />
		<Unit filename="include/ImageManipulator.h" />
		<Unit filename="src/FileParser.cpp" />
		<Unit filename="src/ImageManipulator.cpp" />
		<Unit filename="src/main.cpp" />
		<Unit filename="testText.txt">
			<Option target="&lt;{~None~}&gt;" />
		</Unit>
		<Extensions>
			<code_completion />
			<debugger />
		</Extensions>
	</Project>
</CodeBlocks_project_file>
